// !$*UTF8*$!
{
	archiveVersion = 1;
	classes = {
	};
	objectVersion = 56;
	objects = {

/* Begin PBXBuildFile section */
		E955E6E92975F03300496950 /* MapPlaygroundApp.swift in Sources */ = {isa = PBXBuildFile; fileRef = E955E6E82975F03300496950 /* MapPlaygroundApp.swift */; };
		E955E6F02975F03300496950 /* Preview Assets.xcassets in Resources */ = {isa = PBXBuildFile; fileRef = E955E6EF2975F03300496950 /* Preview Assets.xcassets */; };
		E955E6F72975F13000496950 /* Assets.xcassets in Resources */ = {isa = PBXBuildFile; fileRef = E955E6F62975F13000496950 /* Assets.xcassets */; };
		E955E6FC2975F20B00496950 /* Location.swift in Sources */ = {isa = PBXBuildFile; fileRef = E955E6FB2975F20B00496950 /* Location.swift */; };
		E955E6FF2975F29800496950 /* LocationsDataService.swift in Sources */ = {isa = PBXBuildFile; fileRef = E955E6FE2975F29800496950 /* LocationsDataService.swift */; };
		E955E7012975F3C700496950 /* LocationsView.swift in Sources */ = {isa = PBXBuildFile; fileRef = E955E7002975F3C700496950 /* LocationsView.swift */; };
		E955E7032975F3E500496950 /* LocationsViewModel.swift in Sources */ = {isa = PBXBuildFile; fileRef = E955E7022975F3E500496950 /* LocationsViewModel.swift */; };
		E955E70529761D9700496950 /* LocationsViewComponents.swift in Sources */ = {isa = PBXBuildFile; fileRef = E955E70429761D9700496950 /* LocationsViewComponents.swift */; };
		E955E70729761E8E00496950 /* LocationsListView.swift in Sources */ = {isa = PBXBuildFile; fileRef = E955E70629761E8E00496950 /* LocationsListView.swift */; };
		E955E7092976200A00496950 /* LocationsListComponents.swift in Sources */ = {isa = PBXBuildFile; fileRef = E955E7082976200A00496950 /* LocationsListComponents.swift */; };
		E955E70B2976253F00496950 /* LocationPreviewView.swift in Sources */ = {isa = PBXBuildFile; fileRef = E955E70A2976253F00496950 /* LocationPreviewView.swift */; };
		E955E70D2976267F00496950 /* LocationPreviewComponents.swift in Sources */ = {isa = PBXBuildFile; fileRef = E955E70C2976267F00496950 /* LocationPreviewComponents.swift */; };
		E9E68A542976CD330057C33C /* MapAnnotationView.swift in Sources */ = {isa = PBXBuildFile; fileRef = E9E68A532976CD330057C33C /* MapAnnotationView.swift */; };
/* End PBXBuildFile section */

/* Begin PBXFileReference section */
		E955E6E52975F03300496950 /* MapPlayground.app */ = {isa = PBXFileReference; explicitFileType = wrapper.application; includeInIndex = 0; path = MapPlayground.app; sourceTree = BUILT_PRODUCTS_DIR; };
		E955E6E82975F03300496950 /* MapPlaygroundApp.swift */ = {isa = PBXFileReference; lastKnownFileType = sourcecode.swift; path = MapPlaygroundApp.swift; sourceTree = "<group>"; };
		E955E6EF2975F03300496950 /* Preview Assets.xcassets */ = {isa = PBXFileReference; lastKnownFileType = folder.assetcatalog; path = "Preview Assets.xcassets"; sourceTree = "<group>"; };
		E955E6F62975F13000496950 /* Assets.xcassets */ = {isa = PBXFileReference; lastKnownFileType = folder.assetcatalog; path = Assets.xcassets; sourceTree = "<group>"; };
		E955E6FB2975F20B00496950 /* Location.swift */ = {isa = PBXFileReference; lastKnownFileType = sourcecode.swift; path = Location.swift; sourceTree = "<group>"; };
		E955E6FE2975F29800496950 /* LocationsDataService.swift */ = {isa = PBXFileReference; fileEncoding = 4; lastKnownFileType = sourcecode.swift; path = LocationsDataService.swift; sourceTree = "<group>"; };
		E955E7002975F3C700496950 /* LocationsView.swift */ = {isa = PBXFileReference; lastKnownFileType = sourcecode.swift; path = LocationsView.swift; sourceTree = "<group>"; };
		E955E7022975F3E500496950 /* LocationsViewModel.swift */ = {isa = PBXFileReference; lastKnownFileType = sourcecode.swift; path = LocationsViewModel.swift; sourceTree = "<group>"; };
		E955E70429761D9700496950 /* LocationsViewComponents.swift */ = {isa = PBXFileReference; lastKnownFileType = sourcecode.swift; path = LocationsViewComponents.swift; sourceTree = "<group>"; };
		E955E70629761E8E00496950 /* LocationsListView.swift */ = {isa = PBXFileReference; lastKnownFileType = sourcecode.swift; path = LocationsListView.swift; sourceTree = "<group>"; };
		E955E7082976200A00496950 /* LocationsListComponents.swift */ = {isa = PBXFileReference; lastKnownFileType = sourcecode.swift; path = LocationsListComponents.swift; sourceTree = "<group>"; };
		E955E70A2976253F00496950 /* LocationPreviewView.swift */ = {isa = PBXFileReference; lastKnownFileType = sourcecode.swift; path = LocationPreviewView.swift; sourceTree = "<group>"; };
		E955E70C2976267F00496950 /* LocationPreviewComponents.swift */ = {isa = PBXFileReference; lastKnownFileType = sourcecode.swift; path = LocationPreviewComponents.swift; sourceTree = "<group>"; };
		E9E68A532976CD330057C33C /* MapAnnotationView.swift */ = {isa = PBXFileReference; lastKnownFileType = sourcecode.swift; path = MapAnnotationView.swift; sourceTree = "<group>"; };
/* End PBXFileReference section */

/* Begin PBXFrameworksBuildPhase section */
		E955E6E22975F03300496950 /* Frameworks */ = {
			isa = PBXFrameworksBuildPhase;
			buildActionMask = 2147483647;
			files = (
			);
			runOnlyForDeploymentPostprocessing = 0;
		};
/* End PBXFrameworksBuildPhase section */

/* Begin PBXGroup section */
		E955E6DC2975F03300496950 = {
			isa = PBXGroup;
			children = (
				E955E6E72975F03300496950 /* MapPlayground */,
				E955E6E62975F03300496950 /* Products */,
			);
			sourceTree = "<group>";
		};
		E955E6E62975F03300496950 /* Products */ = {
			isa = PBXGroup;
			children = (
				E955E6E52975F03300496950 /* MapPlayground.app */,
			);
			name = Products;
			sourceTree = "<group>";
		};
		E955E6E72975F03300496950 /* MapPlayground */ = {
			isa = PBXGroup;
			children = (
				E955E6FD2975F27A00496950 /* DataServices */,
				E955E6FA2975F1D400496950 /* Models */,
				E955E6F82975F1C300496950 /* Views */,
				E955E6F92975F1CA00496950 /* ViewModels */,
				E955E6E82975F03300496950 /* MapPlaygroundApp.swift */,
				E955E6F62975F13000496950 /* Assets.xcassets */,
				E955E6EE2975F03300496950 /* Preview Content */,
			);
			path = MapPlayground;
			sourceTree = "<group>";
		};
		E955E6EE2975F03300496950 /* Preview Content */ = {
			isa = PBXGroup;
			children = (
				E955E6EF2975F03300496950 /* Preview Assets.xcassets */,
			);
			path = "Preview Content";
			sourceTree = "<group>";
		};
		E955E6F82975F1C300496950 /* Views */ = {
			isa = PBXGroup;
			children = (
				E9E68A582976D0870057C33C /* LocationPreview */,
				E9E68A572976D06E0057C33C /* LocationsList */,
				E9E68A562976D0560057C33C /* LocationsView */,
			);
			path = Views;
			sourceTree = "<group>";
		};
		E955E6F92975F1CA00496950 /* ViewModels */ = {
			isa = PBXGroup;
			children = (
				E955E7022975F3E500496950 /* LocationsViewModel.swift */,
			);
			path = ViewModels;
			sourceTree = "<group>";
		};
		E955E6FA2975F1D400496950 /* Models */ = {
			isa = PBXGroup;
			children = (
				E955E6FB2975F20B00496950 /* Location.swift */,
			);
			path = Models;
			sourceTree = "<group>";
		};
		E955E6FD2975F27A00496950 /* DataServices */ = {
			isa = PBXGroup;
			children = (
				E955E6FE2975F29800496950 /* LocationsDataService.swift */,
			);
			path = DataServices;
			sourceTree = "<group>";
		};
		E9E68A562976D0560057C33C /* LocationsView */ = {
			isa = PBXGroup;
			children = (
				E9E68A532976CD330057C33C /* MapAnnotationView.swift */,
				E955E70429761D9700496950 /* LocationsViewComponents.swift */,
				E955E7002975F3C700496950 /* LocationsView.swift */,
			);
			path = LocationsView;
			sourceTree = "<group>";
		};
		E9E68A572976D06E0057C33C /* LocationsList */ = {
			isa = PBXGroup;
			children = (
				E955E70629761E8E00496950 /* LocationsListView.swift */,
				E955E7082976200A00496950 /* LocationsListComponents.swift */,
			);
			path = LocationsList;
			sourceTree = "<group>";
		};
		E9E68A582976D0870057C33C /* LocationPreview */ = {
			isa = PBXGroup;
			children = (
				E955E70A2976253F00496950 /* LocationPreviewView.swift */,
				E955E70C2976267F00496950 /* LocationPreviewComponents.swift */,
			);
			path = LocationPreview;
			sourceTree = "<group>";
		};
/* End PBXGroup section */

/* Begin PBXNativeTarget section */
		E955E6E42975F03300496950 /* MapPlayground */ = {
			isa = PBXNativeTarget;
			buildConfigurationList = E955E6F32975F03300496950 /* Build configuration list for PBXNativeTarget "MapPlayground" */;
			buildPhases = (
				E955E6E12975F03300496950 /* Sources */,
				E955E6E22975F03300496950 /* Frameworks */,
				E955E6E32975F03300496950 /* Resources */,
			);
			buildRules = (
			);
			dependencies = (
			);
			name = MapPlayground;
			productName = MapPlayground;
			productReference = E955E6E52975F03300496950 /* MapPlayground.app */;
			productType = "com.apple.product-type.application";
		};
/* End PBXNativeTarget section */

/* Begin PBXProject section */
		E955E6DD2975F03300496950 /* Project object */ = {
			isa = PBXProject;
			attributes = {
				BuildIndependentTargetsInParallel = 1;
				LastSwiftUpdateCheck = 1400;
				LastUpgradeCheck = 1400;
				TargetAttributes = {
					E955E6E42975F03300496950 = {
						CreatedOnToolsVersion = 14.0.1;
					};
				};
			};
			buildConfigurationList = E955E6E02975F03300496950 /* Build configuration list for PBXProject "MapPlayground" */;
			compatibilityVersion = "Xcode 14.0";
			developmentRegion = en;
			hasScannedForEncodings = 0;
			knownRegions = (
				en,
				Base,
			);
			mainGroup = E955E6DC2975F03300496950;
			productRefGroup = E955E6E62975F03300496950 /* Products */;
			projectDirPath = "";
			projectRoot = "";
			targets = (
				E955E6E42975F03300496950 /* MapPlayground */,
			);
		};
/* End PBXProject section */

/* Begin PBXResourcesBuildPhase section */
		E955E6E32975F03300496950 /* Resources */ = {
			isa = PBXResourcesBuildPhase;
			buildActionMask = 2147483647;
			files = (
				E955E6F72975F13000496950 /* Assets.xcassets in Resources */,
				E955E6F02975F03300496950 /* Preview Assets.xcassets in Resources */,
			);
			runOnlyForDeploymentPostprocessing = 0;
		};
/* End PBXResourcesBuildPhase section */

/* Begin PBXSourcesBuildPhase section */
		E955E6E12975F03300496950 /* Sources */ = {
			isa = PBXSourcesBuildPhase;
			buildActionMask = 2147483647;
			files = (
				E9E68A542976CD330057C33C /* MapAnnotationView.swift in Sources */,
				E955E6FF2975F29800496950 /* LocationsDataService.swift in Sources */,
				E955E70729761E8E00496950 /* LocationsListView.swift in Sources */,
				E955E7032975F3E500496950 /* LocationsViewModel.swift in Sources */,
				E955E7012975F3C700496950 /* LocationsView.swift in Sources */,
				E955E70B2976253F00496950 /* LocationPreviewView.swift in Sources */,
				E955E6FC2975F20B00496950 /* Location.swift in Sources */,
				E955E6E92975F03300496950 /* MapPlaygroundApp.swift in Sources */,
				E955E70D2976267F00496950 /* LocationPreviewComponents.swift in Sources */,
				E955E7092976200A00496950 /* LocationsListComponents.swift in Sources */,
				E955E70529761D9700496950 /* LocationsViewComponents.swift in Sources */,
			);
			runOnlyForDeploymentPostprocessing = 0;
		};
/* End PBXSourcesBuildPhase section */

/* Begin XCBuildConfiguration section */
		E955E6F12975F03300496950 /* Debug */ = {
			isa = XCBuildConfiguration;
			buildSettings = {
				ALWAYS_SEARCH_USER_PATHS = NO;
				CLANG_ANALYZER_NONNULL = YES;
				CLANG_ANALYZER_NUMBER_OBJECT_CONVERSION = YES_AGGRESSIVE;
				CLANG_CXX_LANGUAGE_STANDARD = "gnu++20";
				CLANG_ENABLE_MODULES = YES;
				CLANG_ENABLE_OBJC_ARC = YES;
				CLANG_ENABLE_OBJC_WEAK = YES;
				CLANG_WARN_BLOCK_CAPTURE_AUTORELEASING = YES;
				CLANG_WARN_BOOL_CONVERSION = YES;
				CLANG_WARN_COMMA = YES;
				CLANG_WARN_CONSTANT_CONVERSION = YES;
				CLANG_WARN_DEPRECATED_OBJC_IMPLEMENTATIONS = YES;
				CLANG_WARN_DIRECT_OBJC_ISA_USAGE = YES_ERROR;
				CLANG_WARN_DOCUMENTATION_COMMENTS = YES;
				CLANG_WARN_EMPTY_BODY = YES;
				CLANG_WARN_ENUM_CONVERSION = YES;
				CLANG_WARN_INFINITE_RECURSION = YES;
				CLANG_WARN_INT_CONVERSION = YES;
				CLANG_WARN_NON_LITERAL_NULL_CONVERSION = YES;
				CLANG_WARN_OBJC_IMPLICIT_RETAIN_SELF = YES;
				CLANG_WARN_OBJC_LITERAL_CONVERSION = YES;
				CLANG_WARN_OBJC_ROOT_CLASS = YES_ERROR;
				CLANG_WARN_QUOTED_INCLUDE_IN_FRAMEWORK_HEADER = YES;
				CLANG_WARN_RANGE_LOOP_ANALYSIS = YES;
				CLANG_WARN_STRICT_PROTOTYPES = YES;
				CLANG_WARN_SUSPICIOUS_MOVE = YES;
				CLANG_WARN_UNGUARDED_AVAILABILITY = YES_AGGRESSIVE;
				CLANG_WARN_UNREACHABLE_CODE = YES;
				CLANG_WARN__DUPLICATE_METHOD_MATCH = YES;
				COPY_PHASE_STRIP = NO;
				DEBUG_INFORMATION_FORMAT = dwarf;
				ENABLE_STRICT_OBJC_MSGSEND = YES;
				ENABLE_TESTABILITY = YES;
				GCC_C_LANGUAGE_STANDARD = gnu11;
				GCC_DYNAMIC_NO_PIC = NO;
				GCC_NO_COMMON_BLOCKS = YES;
				GCC_OPTIMIZATION_LEVEL = 0;
				GCC_PREPROCESSOR_DEFINITIONS = (
					"DEBUG=1",
					"$(inherited)",
				);
				GCC_WARN_64_TO_32_BIT_CONVERSION = YES;
				GCC_WARN_ABOUT_RETURN_TYPE = YES_ERROR;
				GCC_WARN_UNDECLARED_SELECTOR = YES;
				GCC_WARN_UNINITIALIZED_AUTOS = YES_AGGRESSIVE;
				GCC_WARN_UNUSED_FUNCTION = YES;
				GCC_WARN_UNUSED_VARIABLE = YES;
				IPHONEOS_DEPLOYMENT_TARGET = 16.0;
				MTL_ENABLE_DEBUG_INFO = INCLUDE_SOURCE;
				MTL_FAST_MATH = YES;
				ONLY_ACTIVE_ARCH = YES;
				SDKROOT = iphoneos;
				SWIFT_ACTIVE_COMPILATION_CONDITIONS = DEBUG;
				SWIFT_OPTIMIZATION_LEVEL = "-Onone";
			};
			name = Debug;
		};
		E955E6F22975F03300496950 /* Release */ = {
			isa = XCBuildConfiguration;
			buildSettings = {
				ALWAYS_SEARCH_USER_PATHS = NO;
				CLANG_ANALYZER_NONNULL = YES;
				CLANG_ANALYZER_NUMBER_OBJECT_CONVERSION = YES_AGGRESSIVE;
				CLANG_CXX_LANGUAGE_STANDARD = "gnu++20";
				CLANG_ENABLE_MODULES = YES;
				CLANG_ENABLE_OBJC_ARC = YES;
				CLANG_ENABLE_OBJC_WEAK = YES;
				CLANG_WARN_BLOCK_CAPTURE_AUTORELEASING = YES;
				CLANG_WARN_BOOL_CONVERSION = YES;
				CLANG_WARN_COMMA = YES;
				CLANG_WARN_CONSTANT_CONVERSION = YES;
				CLANG_WARN_DEPRECATED_OBJC_IMPLEMENTATIONS = YES;
				CLANG_WARN_DIRECT_OBJC_ISA_USAGE = YES_ERROR;
				CLANG_WARN_DOCUMENTATION_COMMENTS = YES;
				CLANG_WARN_EMPTY_BODY = YES;
				CLANG_WARN_ENUM_CONVERSION = YES;
				CLANG_WARN_INFINITE_RECURSION = YES;
				CLANG_WARN_INT_CONVERSION = YES;
				CLANG_WARN_NON_LITERAL_NULL_CONVERSION = YES;
				CLANG_WARN_OBJC_IMPLICIT_RETAIN_SELF = YES;
				CLANG_WARN_OBJC_LITERAL_CONVERSION = YES;
				CLANG_WARN_OBJC_ROOT_CLASS = YES_ERROR;
				CLANG_WARN_QUOTED_INCLUDE_IN_FRAMEWORK_HEADER = YES;
				CLANG_WARN_RANGE_LOOP_ANALYSIS = YES;
				CLANG_WARN_STRICT_PROTOTYPES = YES;
				CLANG_WARN_SUSPICIOUS_MOVE = YES;
				CLANG_WARN_UNGUARDED_AVAILABILITY = YES_AGGRESSIVE;
				CLANG_WARN_UNREACHABLE_CODE = YES;
				CLANG_WARN__DUPLICATE_METHOD_MATCH = YES;
				COPY_PHASE_STRIP = NO;
				DEBUG_INFORMATION_FORMAT = "dwarf-with-dsym";
				ENABLE_NS_ASSERTIONS = NO;
				ENABLE_STRICT_OBJC_MSGSEND = YES;
				GCC_C_LANGUAGE_STANDARD = gnu11;
				GCC_NO_COMMON_BLOCKS = YES;
				GCC_WARN_64_TO_32_BIT_CONVERSION = YES;
				GCC_WARN_ABOUT_RETURN_TYPE = YES_ERROR;
				GCC_WARN_UNDECLARED_SELECTOR = YES;
				GCC_WARN_UNINITIALIZED_AUTOS = YES_AGGRESSIVE;
				GCC_WARN_UNUSED_FUNCTION = YES;
				GCC_WARN_UNUSED_VARIABLE = YES;
				IPHONEOS_DEPLOYMENT_TARGET = 16.0;
				MTL_ENABLE_DEBUG_INFO = NO;
				MTL_FAST_MATH = YES;
				SDKROOT = iphoneos;
				SWIFT_COMPILATION_MODE = wholemodule;
				SWIFT_OPTIMIZATION_LEVEL = "-O";
				VALIDATE_PRODUCT = YES;
			};
			name = Release;
		};
		E955E6F42975F03300496950 /* Debug */ = {
			isa = XCBuildConfiguration;
			buildSettings = {
				ASSETCATALOG_COMPILER_APPICON_NAME = AppIcon;
				ASSETCATALOG_COMPILER_GLOBAL_ACCENT_COLOR_NAME = AccentColor;
				CODE_SIGN_STYLE = Automatic;
				CURRENT_PROJECT_VERSION = 1;
				DEVELOPMENT_ASSET_PATHS = "\"MapPlayground/Preview Content\"";
				DEVELOPMENT_TEAM = 5S88AY6J4R;
				ENABLE_PREVIEWS = YES;
				GENERATE_INFOPLIST_FILE = YES;
				INFOPLIST_KEY_UIApplicationSceneManifest_Generation = YES;
				INFOPLIST_KEY_UIApplicationSupportsIndirectInputEvents = YES;
				INFOPLIST_KEY_UILaunchScreen_Generation = YES;
				INFOPLIST_KEY_UISupportedInterfaceOrientations_iPad = "UIInterfaceOrientationPortrait UIInterfaceOrientationPortraitUpsideDown UIInterfaceOrientationLandscapeLeft UIInterfaceOrientationLandscapeRight";
				INFOPLIST_KEY_UISupportedInterfaceOrientations_iPhone = "UIInterfaceOrientationPortrait UIInterfaceOrientationLandscapeLeft UIInterfaceOrientationLandscapeRight";
				LD_RUNPATH_SEARCH_PATHS = (
					"$(inherited)",
					"@executable_path/Frameworks",
				);
				MARKETING_VERSION = 1.0;
				PRODUCT_BUNDLE_IDENTIFIER = br.ufpe.cin.academy.tmc4.MapPlayground;
				PRODUCT_NAME = "$(TARGET_NAME)";
				SWIFT_EMIT_LOC_STRINGS = YES;
				SWIFT_VERSION = 5.0;
				TARGETED_DEVICE_FAMILY = "1,2";
			};
			name = Debug;
		};
		E955E6F52975F03300496950 /* Release */ = {
			isa = XCBuildConfiguration;
			buildSettings = {
				ASSETCATALOG_COMPILER_APPICON_NAME = AppIcon;
				ASSETCATALOG_COMPILER_GLOBAL_ACCENT_COLOR_NAME = AccentColor;
				CODE_SIGN_STYLE = Automatic;
				CURRENT_PROJECT_VERSION = 1;
				DEVELOPMENT_ASSET_PATHS = "\"MapPlayground/Preview Content\"";
				DEVELOPMENT_TEAM = 5S88AY6J4R;
				ENABLE_PREVIEWS = YES;
				GENERATE_INFOPLIST_FILE = YES;
				INFOPLIST_KEY_UIApplicationSceneManifest_Generation = YES;
				INFOPLIST_KEY_UIApplicationSupportsIndirectInputEvents = YES;
				INFOPLIST_KEY_UILaunchScreen_Generation = YES;
				INFOPLIST_KEY_UISupportedInterfaceOrientations_iPad = "UIInterfaceOrientationPortrait UIInterfaceOrientationPortraitUpsideDown UIInterfaceOrientationLandscapeLeft UIInterfaceOrientationLandscapeRight";
				INFOPLIST_KEY_UISupportedInterfaceOrientations_iPhone = "UIInterfaceOrientationPortrait UIInterfaceOrientationLandscapeLeft UIInterfaceOrientationLandscapeRight";
				LD_RUNPATH_SEARCH_PATHS = (
					"$(inherited)",
					"@executable_path/Frameworks",
				);
				MARKETING_VERSION = 1.0;
				PRODUCT_BUNDLE_IDENTIFIER = br.ufpe.cin.academy.tmc4.MapPlayground;
				PRODUCT_NAME = "$(TARGET_NAME)";
				SWIFT_EMIT_LOC_STRINGS = YES;
				SWIFT_VERSION = 5.0;
				TARGETED_DEVICE_FAMILY = "1,2";
			};
			name = Release;
		};
/* End XCBuildConfiguration section */

/* Begin XCConfigurationList section */
		E955E6E02975F03300496950 /* Build configuration list for PBXProject "MapPlayground" */ = {
			isa = XCConfigurationList;
			buildConfigurations = (
				E955E6F12975F03300496950 /* Debug */,
				E955E6F22975F03300496950 /* Release */,
			);
			defaultConfigurationIsVisible = 0;
			defaultConfigurationName = Release;
		};
		E955E6F32975F03300496950 /* Build configuration list for PBXNativeTarget "MapPlayground" */ = {
			isa = XCConfigurationList;
			buildConfigurations = (
				E955E6F42975F03300496950 /* Debug */,
				E955E6F52975F03300496950 /* Release */,
			);
			defaultConfigurationIsVisible = 0;
			defaultConfigurationName = Release;
		};
/* End XCConfigurationList section */
	};
	rootObject = E955E6DD2975F03300496950 /* Project object */;
}
